
Microsoft Visual Studio Solution File, Format Version 12.00
# Visual Studio Version 16
VisualStudioVersion = 16.0.31624.102
MinimumVisualStudioVersion = 10.0.40219.1
Project("{FAE04EC0-301F-11D3-BF4B-00C04F79EFBC}") = "mvcLogin", "mvcLogin\mvcLogin.csproj", "{8251E6F8-94FA-4233-9758-0AB1A08A9A7B}"
EndProject
Global
	GlobalSection(SolutionConfigurationPlatforms) = preSolution
		Debug|Any CPU = Debug|Any CPU
		Release|Any CPU = Release|Any CPU
	EndGlobalSection
	GlobalSection(ProjectConfigurationPlatforms) = postSolution
		{8251E6F8-94FA-4233-9758-0AB1A08A9A7B}.Debug|Any CPU.ActiveCfg = Debug|Any CPU
		{8251E6F8-94FA-4233-9758-0AB1A08A9A7B}.Debug|Any CPU.Build.0 = Debug|Any CPU
		{8251E6F8-94FA-4233-9758-0AB1A08A9A7B}.Release|Any CPU.ActiveCfg = Release|Any CPU
		{8251E6F8-94FA-4233-9758-0AB1A08A9A7B}.Release|Any CPU.Build.0 = Release|Any CPU
	EndGlobalSection
	GlobalSection(SolutionProperties) = preSolution
		HideSolutionNode = FALSE
	EndGlobalSection
	GlobalSection(ExtensibilityGlobals) = postSolution
		SolutionGuid = {6B4ADCE5-CB7D-4BBB-9FF1-93C9B7741917}
	EndGlobalSection
EndGlobal
